
Microsoft Visual Studio Solution File, Format Version 12.00
# Visual Studio 15
Project("{FAE04EC0-301F-11D3-BF4B-00C04F79EFBC}") = "Assembly-CSharp", "Assembly-CSharp.csproj", "{935FFF25-0739-4659-9AB5-1AA7CBCEAA20}"
EndProject
Project("{FAE04EC0-301F-11D3-BF4B-00C04F79EFBC}") = "Assembly-CSharp-Editor", "Assembly-CSharp-Editor.csproj", "{383D6CBF-919F-79CB-9139-BF5A42CC64AD}"
EndProject
Global
	GlobalSection(SolutionConfigurationPlatforms) = preSolution
		Debug|Any CPU = Debug|Any CPU
		Release|Any CPU = Release|Any CPU
	EndGlobalSection
	GlobalSection(ProjectConfigurationPlatforms) = postSolution
		{935FFF25-0739-4659-9AB5-1AA7CBCEAA20}.Debug|Any CPU.ActiveCfg = Debug|Any CPU
		{935FFF25-0739-4659-9AB5-1AA7CBCEAA20}.Debug|Any CPU.Build.0 = Debug|Any CPU
		{935FFF25-0739-4659-9AB5-1AA7CBCEAA20}.Release|Any CPU.ActiveCfg = Release|Any CPU
		{935FFF25-0739-4659-9AB5-1AA7CBCEAA20}.Release|Any CPU.Build.0 = Release|Any CPU
		{383D6CBF-919F-79CB-9139-BF5A42CC64AD}.Debug|Any CPU.ActiveCfg = Debug|Any CPU
		{383D6CBF-919F-79CB-9139-BF5A42CC64AD}.Debug|Any CPU.Build.0 = Debug|Any CPU
		{383D6CBF-919F-79CB-9139-BF5A42CC64AD}.Release|Any CPU.ActiveCfg = Release|Any CPU
		{383D6CBF-919F-79CB-9139-BF5A42CC64AD}.Release|Any CPU.Build.0 = Release|Any CPU
	EndGlobalSection
	GlobalSection(SolutionProperties) = preSolution
		HideSolutionNode = FALSE
	EndGlobalSection
EndGlobal
